
Microsoft Visual Studio Solution File, Format Version 12.00
# Visual Studio Version 16
VisualStudioVersion = 16.0.29806.167
MinimumVisualStudioVersion = 10.0.40219.1
Project("{9A19103F-16F7-4668-BE54-9A1E7A4F7556}") = "eShopSolution.WebApp", "eShopSolution.WebApp\eShopSolution.WebApp.csproj", "{09095BDC-305E-4327-B44E-C5378453A1C4}"
EndProject
Project("{2150E333-8FDC-42A3-9474-1A3956D46DE8}") = "Solution Items", "Solution Items", "{8BCBE1F3-1B14-47D4-A087-14F44B3E8215}"
	ProjectSection(SolutionItems) = preProject
		README.md = README.md
	EndProjectSection
EndProject
Project("{9A19103F-16F7-4668-BE54-9A1E7A4F7556}") = "eShopSolution.Data", "eShopSolution.Data\eShopSolution.Data.csproj", "{AF82C3C2-1FF9-44E9-B597-429E05643703}"
EndProject
Project("{9A19103F-16F7-4668-BE54-9A1E7A4F7556}") = "eShopSolution.Application", "eShopSolution.Application\eShopSolution.Application.csproj", "{1F434004-9C8E-49E3-92E3-3086A057D49D}"
EndProject
Project("{9A19103F-16F7-4668-BE54-9A1E7A4F7556}") = "eShopSolution.Utilities", "eShopSolution.Utilities\eShopSolution.Utilities.csproj", "{501B121E-4E95-45CB-94D8-A188C101ECEE}"
EndProject
Project("{9A19103F-16F7-4668-BE54-9A1E7A4F7556}") = "eShopSolution.ViewModels", "eShopSolution.ViewModels\eShopSolution.ViewModels.csproj", "{B93B4FD2-6C76-4085-9950-C1906F24394C}"
EndProject
Project("{FAE04EC0-301F-11D3-BF4B-00C04F79EFBC}") = "eShopSolution.BackendApi", "eShopSolution.BackendApi\eShopSolution.BackendApi.csproj", "{051A67ED-3C2E-4EF0-9FCE-BCAD777DD8EE}"
EndProject
Global
	GlobalSection(SolutionConfigurationPlatforms) = preSolution
		Debug|Any CPU = Debug|Any CPU
		Release|Any CPU = Release|Any CPU
	EndGlobalSection
	GlobalSection(ProjectConfigurationPlatforms) = postSolution
		{09095BDC-305E-4327-B44E-C5378453A1C4}.Debug|Any CPU.ActiveCfg = Debug|Any CPU
		{09095BDC-305E-4327-B44E-C5378453A1C4}.Debug|Any CPU.Build.0 = Debug|Any CPU
		{09095BDC-305E-4327-B44E-C5378453A1C4}.Release|Any CPU.ActiveCfg = Release|Any CPU
		{09095BDC-305E-4327-B44E-C5378453A1C4}.Release|Any CPU.Build.0 = Release|Any CPU
		{AF82C3C2-1FF9-44E9-B597-429E05643703}.Debug|Any CPU.ActiveCfg = Debug|Any CPU
		{AF82C3C2-1FF9-44E9-B597-429E05643703}.Debug|Any CPU.Build.0 = Debug|Any CPU
		{AF82C3C2-1FF9-44E9-B597-429E05643703}.Release|Any CPU.ActiveCfg = Release|Any CPU
		{AF82C3C2-1FF9-44E9-B597-429E05643703}.Release|Any CPU.Build.0 = Release|Any CPU
		{1F434004-9C8E-49E3-92E3-3086A057D49D}.Debug|Any CPU.ActiveCfg = Debug|Any CPU
		{1F434004-9C8E-49E3-92E3-3086A057D49D}.Debug|Any CPU.Build.0 = Debug|Any CPU
		{1F434004-9C8E-49E3-92E3-3086A057D49D}.Release|Any CPU.ActiveCfg = Release|Any CPU
		{1F434004-9C8E-49E3-92E3-3086A057D49D}.Release|Any CPU.Build.0 = Release|Any CPU
		{501B121E-4E95-45CB-94D8-A188C101ECEE}.Debug|Any CPU.ActiveCfg = Debug|Any CPU
		{501B121E-4E95-45CB-94D8-A188C101ECEE}.Debug|Any CPU.Build.0 = Debug|Any CPU
		{501B121E-4E95-45CB-94D8-A188C101ECEE}.Release|Any CPU.ActiveCfg = Release|Any CPU
		{501B121E-4E95-45CB-94D8-A188C101ECEE}.Release|Any CPU.Build.0 = Release|Any CPU
		{B93B4FD2-6C76-4085-9950-C1906F24394C}.Debug|Any CPU.ActiveCfg = Debug|Any CPU
		{B93B4FD2-6C76-4085-9950-C1906F24394C}.Debug|Any CPU.Build.0 = Debug|Any CPU
		{B93B4FD2-6C76-4085-9950-C1906F24394C}.Release|Any CPU.ActiveCfg = Release|Any CPU
		{B93B4FD2-6C76-4085-9950-C1906F24394C}.Release|Any CPU.Build.0 = Release|Any CPU
		{051A67ED-3C2E-4EF0-9FCE-BCAD777DD8EE}.Debug|Any CPU.ActiveCfg = Debug|Any CPU
		{051A67ED-3C2E-4EF0-9FCE-BCAD777DD8EE}.Debug|Any CPU.Build.0 = Debug|Any CPU
		{051A67ED-3C2E-4EF0-9FCE-BCAD777DD8EE}.Release|Any CPU.ActiveCfg = Release|Any CPU
		{051A67ED-3C2E-4EF0-9FCE-BCAD777DD8EE}.Release|Any CPU.Build.0 = Release|Any CPU
	EndGlobalSection
	GlobalSection(SolutionProperties) = preSolution
		HideSolutionNode = FALSE
	EndGlobalSection
	GlobalSection(ExtensibilityGlobals) = postSolution
		SolutionGuid = {9B0493AA-0533-47CB-AE62-9A1A8E1F8593}
	EndGlobalSection
EndGlobal
